
Microsoft Visual Studio Solution File, Format Version 12.00
# Visual Studio 15
VisualStudioVersion = 15.0.28307.1321
MinimumVisualStudioVersion = 10.0.40219.1
Project("{FAE04EC0-301F-11D3-BF4B-00C04F79EFBC}") = "SuperSimpleStockMarket", "SuperSimpleStockMarket\SuperSimpleStockMarket.csproj", "{4BF8800D-2CAD-47CA-A7A4-3C806065CE25}"
EndProject
Global
	GlobalSection(SolutionConfigurationPlatforms) = preSolution
		Debug|Any CPU = Debug|Any CPU
		Release|Any CPU = Release|Any CPU
	EndGlobalSection
	GlobalSection(ProjectConfigurationPlatforms) = postSolution
		{4BF8800D-2CAD-47CA-A7A4-3C806065CE25}.Debug|Any CPU.ActiveCfg = Debug|Any CPU
		{4BF8800D-2CAD-47CA-A7A4-3C806065CE25}.Debug|Any CPU.Build.0 = Debug|Any CPU
		{4BF8800D-2CAD-47CA-A7A4-3C806065CE25}.Release|Any CPU.ActiveCfg = Release|Any CPU
		{4BF8800D-2CAD-47CA-A7A4-3C806065CE25}.Release|Any CPU.Build.0 = Release|Any CPU
	EndGlobalSection
	GlobalSection(SolutionProperties) = preSolution
		HideSolutionNode = FALSE
	EndGlobalSection
	GlobalSection(ExtensibilityGlobals) = postSolution
		SolutionGuid = {A2EA7C69-824F-47E8-9ECD-97A81B0B2ED8}
	EndGlobalSection
EndGlobal
